
Microsoft Visual Studio Solution File, Format Version 12.00
# Visual Studio 14
VisualStudioVersion = 14.0.25420.1
MinimumVisualStudioVersion = 10.0.40219.1
Project("{F184B08F-C81C-45F6-A57F-5ABD9991F28F}") = "jgroth1b1", "jgroth1b1\jgroth1b1.vbproj", "{D4C36281-69F0-4682-97D6-53C71B113EC5}"
EndProject
Project("{F184B08F-C81C-45F6-A57F-5ABD9991F28F}") = "jgroth1c1", "jgroth1c1\jgroth1c1.vbproj", "{3AC3D016-CDAE-4BE3-A841-DF280E514AF8}"
EndProject
Project("{F184B08F-C81C-45F6-A57F-5ABD9991F28F}") = "jgroth1d1", "jgroth1d1\jgroth1d1.vbproj", "{7691698E-10E6-4345-BDAA-97C98B4DAACE}"
EndProject
Project("{F184B08F-C81C-45F6-A57F-5ABD9991F28F}") = "jgroth1e1", "jgroth1e1\jgroth1e1.vbproj", "{6561F37D-DF96-41A1-B742-827B6202DC59}"
EndProject
Project("{F184B08F-C81C-45F6-A57F-5ABD9991F28F}") = "jgroth1f1", "jgroth1f1\jgroth1f1.vbproj", "{745E5EE5-A085-491B-8F64-DAC04C0C85D7}"
EndProject
Project("{F184B08F-C81C-45F6-A57F-5ABD9991F28F}") = "jgroth1g1", "jgroth1g1\jgroth1g1.vbproj", "{0F573233-E54F-4B3E-AA3A-CBA6087C0B75}"
EndProject
Project("{F184B08F-C81C-45F6-A57F-5ABD9991F28F}") = "jgroth1h1", "jgroth1h1\jgroth1h1.vbproj", "{32F89288-5F2F-4634-A33A-2D5FE9A6A411}"
EndProject
Project("{F184B08F-C81C-45F6-A57F-5ABD9991F28F}") = "jgrothQ1Review2", "jgrothQ1Review2\jgrothQ1Review2.vbproj", "{EF2A4B53-66D3-4EC8-B543-1A8030F10B43}"
EndProject
Project("{F184B08F-C81C-45F6-A57F-5ABD9991F28F}") = "jgroth2a1", "jgroth2a1\jgroth2a1.vbproj", "{042AECCC-D2DD-4EAD-85D9-3DB2401ED25D}"
EndProject
Global
	GlobalSection(SolutionConfigurationPlatforms) = preSolution
		Debug|Any CPU = Debug|Any CPU
		Release|Any CPU = Release|Any CPU
	EndGlobalSection
	GlobalSection(ProjectConfigurationPlatforms) = postSolution
		{D4C36281-69F0-4682-97D6-53C71B113EC5}.Debug|Any CPU.ActiveCfg = Debug|Any CPU
		{D4C36281-69F0-4682-97D6-53C71B113EC5}.Debug|Any CPU.Build.0 = Debug|Any CPU
		{D4C36281-69F0-4682-97D6-53C71B113EC5}.Release|Any CPU.ActiveCfg = Release|Any CPU
		{D4C36281-69F0-4682-97D6-53C71B113EC5}.Release|Any CPU.Build.0 = Release|Any CPU
		{3AC3D016-CDAE-4BE3-A841-DF280E514AF8}.Debug|Any CPU.ActiveCfg = Debug|Any CPU
		{3AC3D016-CDAE-4BE3-A841-DF280E514AF8}.Debug|Any CPU.Build.0 = Debug|Any CPU
		{3AC3D016-CDAE-4BE3-A841-DF280E514AF8}.Release|Any CPU.ActiveCfg = Release|Any CPU
		{3AC3D016-CDAE-4BE3-A841-DF280E514AF8}.Release|Any CPU.Build.0 = Release|Any CPU
		{7691698E-10E6-4345-BDAA-97C98B4DAACE}.Debug|Any CPU.ActiveCfg = Debug|Any CPU
		{7691698E-10E6-4345-BDAA-97C98B4DAACE}.Debug|Any CPU.Build.0 = Debug|Any CPU
		{7691698E-10E6-4345-BDAA-97C98B4DAACE}.Release|Any CPU.ActiveCfg = Release|Any CPU
		{7691698E-10E6-4345-BDAA-97C98B4DAACE}.Release|Any CPU.Build.0 = Release|Any CPU
		{6561F37D-DF96-41A1-B742-827B6202DC59}.Debug|Any CPU.ActiveCfg = Debug|Any CPU
		{6561F37D-DF96-41A1-B742-827B6202DC59}.Debug|Any CPU.Build.0 = Debug|Any CPU
		{6561F37D-DF96-41A1-B742-827B6202DC59}.Release|Any CPU.ActiveCfg = Release|Any CPU
		{6561F37D-DF96-41A1-B742-827B6202DC59}.Release|Any CPU.Build.0 = Release|Any CPU
		{745E5EE5-A085-491B-8F64-DAC04C0C85D7}.Debug|Any CPU.ActiveCfg = Debug|Any CPU
		{745E5EE5-A085-491B-8F64-DAC04C0C85D7}.Debug|Any CPU.Build.0 = Debug|Any CPU
		{745E5EE5-A085-491B-8F64-DAC04C0C85D7}.Release|Any CPU.ActiveCfg = Release|Any CPU
		{745E5EE5-A085-491B-8F64-DAC04C0C85D7}.Release|Any CPU.Build.0 = Release|Any CPU
		{0F573233-E54F-4B3E-AA3A-CBA6087C0B75}.Debug|Any CPU.ActiveCfg = Debug|Any CPU
		{0F573233-E54F-4B3E-AA3A-CBA6087C0B75}.Debug|Any CPU.Build.0 = Debug|Any CPU
		{0F573233-E54F-4B3E-AA3A-CBA6087C0B75}.Release|Any CPU.ActiveCfg = Release|Any CPU
		{0F573233-E54F-4B3E-AA3A-CBA6087C0B75}.Release|Any CPU.Build.0 = Release|Any CPU
		{32F89288-5F2F-4634-A33A-2D5FE9A6A411}.Debug|Any CPU.ActiveCfg = Debug|Any CPU
		{32F89288-5F2F-4634-A33A-2D5FE9A6A411}.Debug|Any CPU.Build.0 = Debug|Any CPU
		{32F89288-5F2F-4634-A33A-2D5FE9A6A411}.Release|Any CPU.ActiveCfg = Release|Any CPU
		{32F89288-5F2F-4634-A33A-2D5FE9A6A411}.Release|Any CPU.Build.0 = Release|Any CPU
		{EF2A4B53-66D3-4EC8-B543-1A8030F10B43}.Debug|Any CPU.ActiveCfg = Debug|Any CPU
		{EF2A4B53-66D3-4EC8-B543-1A8030F10B43}.Debug|Any CPU.Build.0 = Debug|Any CPU
		{EF2A4B53-66D3-4EC8-B543-1A8030F10B43}.Release|Any CPU.ActiveCfg = Release|Any CPU
		{EF2A4B53-66D3-4EC8-B543-1A8030F10B43}.Release|Any CPU.Build.0 = Release|Any CPU
		{042AECCC-D2DD-4EAD-85D9-3DB2401ED25D}.Debug|Any CPU.ActiveCfg = Debug|Any CPU
		{042AECCC-D2DD-4EAD-85D9-3DB2401ED25D}.Debug|Any CPU.Build.0 = Debug|Any CPU
		{042AECCC-D2DD-4EAD-85D9-3DB2401ED25D}.Release|Any CPU.ActiveCfg = Release|Any CPU
		{042AECCC-D2DD-4EAD-85D9-3DB2401ED25D}.Release|Any CPU.Build.0 = Release|Any CPU
	EndGlobalSection
	GlobalSection(SolutionProperties) = preSolution
		HideSolutionNode = FALSE
	EndGlobalSection
EndGlobal
